
Microsoft Visual Studio Solution File, Format Version 12.00
# Visual Studio Version 17
VisualStudioVersion = 17.3.32819.101
MinimumVisualStudioVersion = 10.0.40219.1
Project("{FAE04EC0-301F-11D3-BF4B-00C04F79EFBC}") = "RAAEventHandlerExample", "RAAEventHandlerExample\RAAEventHandlerExample.csproj", "{112EDEAD-D016-409B-8922-0CF42755D85E}"
EndProject
Global
	GlobalSection(SolutionConfigurationPlatforms) = preSolution
		Debug|Any CPU = Debug|Any CPU
		Release|Any CPU = Release|Any CPU
	EndGlobalSection
	GlobalSection(ProjectConfigurationPlatforms) = postSolution
		{112EDEAD-D016-409B-8922-0CF42755D85E}.Debug|Any CPU.ActiveCfg = Debug|Any CPU
		{112EDEAD-D016-409B-8922-0CF42755D85E}.Debug|Any CPU.Build.0 = Debug|Any CPU
		{112EDEAD-D016-409B-8922-0CF42755D85E}.Release|Any CPU.ActiveCfg = Release|Any CPU
		{112EDEAD-D016-409B-8922-0CF42755D85E}.Release|Any CPU.Build.0 = Release|Any CPU
	EndGlobalSection
	GlobalSection(SolutionProperties) = preSolution
		HideSolutionNode = FALSE
	EndGlobalSection
	GlobalSection(ExtensibilityGlobals) = postSolution
		SolutionGuid = {B3E44051-60D7-4DD8-A8B3-A959E2B2BAC7}
	EndGlobalSection
EndGlobal
